
Microsoft Visual Studio Solution File, Format Version 12.00
# Visual Studio Version 16
VisualStudioVersion = 16.0.30413.136
MinimumVisualStudioVersion = 10.0.40219.1
Project("{8BC9CEB8-8B4A-11D0-8D11-00A0C91BC942}") = "单链表", "单链表\单链表.vcxproj", "{DAAABC6D-407E-4098-A7A9-63F9869E4E80}"
EndProject
Global
	GlobalSection(SolutionConfigurationPlatforms) = preSolution
		Debug|x64 = Debug|x64
		Debug|x86 = Debug|x86
		Release|x64 = Release|x64
		Release|x86 = Release|x86
	EndGlobalSection
	GlobalSection(ProjectConfigurationPlatforms) = postSolution
		{DAAABC6D-407E-4098-A7A9-63F9869E4E80}.Debug|x64.ActiveCfg = Debug|x64
		{DAAABC6D-407E-4098-A7A9-63F9869E4E80}.Debug|x64.Build.0 = Debug|x64
		{DAAABC6D-407E-4098-A7A9-63F9869E4E80}.Debug|x86.ActiveCfg = Debug|Win32
		{DAAABC6D-407E-4098-A7A9-63F9869E4E80}.Debug|x86.Build.0 = Debug|Win32
		{DAAABC6D-407E-4098-A7A9-63F9869E4E80}.Release|x64.ActiveCfg = Release|x64
		{DAAABC6D-407E-4098-A7A9-63F9869E4E80}.Release|x64.Build.0 = Release|x64
		{DAAABC6D-407E-4098-A7A9-63F9869E4E80}.Release|x86.ActiveCfg = Release|Win32
		{DAAABC6D-407E-4098-A7A9-63F9869E4E80}.Release|x86.Build.0 = Release|Win32
	EndGlobalSection
	GlobalSection(SolutionProperties) = preSolution
		HideSolutionNode = FALSE
	EndGlobalSection
	GlobalSection(ExtensibilityGlobals) = postSolution
		SolutionGuid = {5F07DAF5-C494-4F38-93FA-0426314320F4}
	EndGlobalSection
EndGlobal
